
Microsoft Visual Studio Solution File, Format Version 12.00
# Visual Studio Version 17
VisualStudioVersion = 17.11.35303.130
MinimumVisualStudioVersion = 10.0.40219.1
Project("{FAE04EC0-301F-11D3-BF4B-00C04F79EFBC}") = "PassaIngressos_WebAPI", "PassaIngressos_WebAPI.csproj", "{798DA40B-105E-45AC-A0B8-9A3F5E880B9D}"
EndProject
Global
	GlobalSection(SolutionConfigurationPlatforms) = preSolution
		Debug|Any CPU = Debug|Any CPU
		Release|Any CPU = Release|Any CPU
	EndGlobalSection
	GlobalSection(ProjectConfigurationPlatforms) = postSolution
		{798DA40B-105E-45AC-A0B8-9A3F5E880B9D}.Debug|Any CPU.ActiveCfg = Debug|Any CPU
		{798DA40B-105E-45AC-A0B8-9A3F5E880B9D}.Debug|Any CPU.Build.0 = Debug|Any CPU
		{798DA40B-105E-45AC-A0B8-9A3F5E880B9D}.Release|Any CPU.ActiveCfg = Release|Any CPU
		{798DA40B-105E-45AC-A0B8-9A3F5E880B9D}.Release|Any CPU.Build.0 = Release|Any CPU
	EndGlobalSection
	GlobalSection(SolutionProperties) = preSolution
		HideSolutionNode = FALSE
	EndGlobalSection
	GlobalSection(ExtensibilityGlobals) = postSolution
		SolutionGuid = {AD521ED3-43ED-4B60-961E-DD32D9344DBC}
	EndGlobalSection
EndGlobal
